
Microsoft Visual Studio Solution File, Format Version 12.00
# Visual Studio Version 16
VisualStudioVersion = 16.0.31702.278
MinimumVisualStudioVersion = 10.0.40219.1
Project("{FAE04EC0-301F-11D3-BF4B-00C04F79EFBC}") = "Notes.Android", "Notes\Notes.Android\Notes.Android.csproj", "{0F4BE7C6-E8A3-4E10-9BA6-A18A2CE3F6DC}"
EndProject
Project("{FAE04EC0-301F-11D3-BF4B-00C04F79EFBC}") = "Notes.iOS", "Notes\Notes.iOS\Notes.iOS.csproj", "{830DC1DA-F789-4A58-A591-E270D89B0F71}"
EndProject
Project("{FAE04EC0-301F-11D3-BF4B-00C04F79EFBC}") = "Notes", "Notes\Notes\Notes.csproj", "{43E6BB37-B38C-4B1A-AF3B-06A0288846BF}"
EndProject
Global
	GlobalSection(SolutionConfigurationPlatforms) = preSolution
		Debug|Any CPU = Debug|Any CPU
		Debug|iPhone = Debug|iPhone
		Debug|iPhoneSimulator = Debug|iPhoneSimulator
		Release|Any CPU = Release|Any CPU
		Release|iPhone = Release|iPhone
		Release|iPhoneSimulator = Release|iPhoneSimulator
	EndGlobalSection
	GlobalSection(ProjectConfigurationPlatforms) = postSolution
		{0F4BE7C6-E8A3-4E10-9BA6-A18A2CE3F6DC}.Debug|Any CPU.ActiveCfg = Debug|Any CPU
		{0F4BE7C6-E8A3-4E10-9BA6-A18A2CE3F6DC}.Debug|Any CPU.Build.0 = Debug|Any CPU
		{0F4BE7C6-E8A3-4E10-9BA6-A18A2CE3F6DC}.Debug|Any CPU.Deploy.0 = Debug|Any CPU
		{0F4BE7C6-E8A3-4E10-9BA6-A18A2CE3F6DC}.Debug|iPhone.ActiveCfg = Debug|Any CPU
		{0F4BE7C6-E8A3-4E10-9BA6-A18A2CE3F6DC}.Debug|iPhone.Build.0 = Debug|Any CPU
		{0F4BE7C6-E8A3-4E10-9BA6-A18A2CE3F6DC}.Debug|iPhone.Deploy.0 = Debug|Any CPU
		{0F4BE7C6-E8A3-4E10-9BA6-A18A2CE3F6DC}.Debug|iPhoneSimulator.ActiveCfg = Debug|Any CPU
		{0F4BE7C6-E8A3-4E10-9BA6-A18A2CE3F6DC}.Debug|iPhoneSimulator.Build.0 = Debug|Any CPU
		{0F4BE7C6-E8A3-4E10-9BA6-A18A2CE3F6DC}.Debug|iPhoneSimulator.Deploy.0 = Debug|Any CPU
		{0F4BE7C6-E8A3-4E10-9BA6-A18A2CE3F6DC}.Release|Any CPU.ActiveCfg = Release|Any CPU
		{0F4BE7C6-E8A3-4E10-9BA6-A18A2CE3F6DC}.Release|Any CPU.Build.0 = Release|Any CPU
		{0F4BE7C6-E8A3-4E10-9BA6-A18A2CE3F6DC}.Release|Any CPU.Deploy.0 = Release|Any CPU
		{0F4BE7C6-E8A3-4E10-9BA6-A18A2CE3F6DC}.Release|iPhone.ActiveCfg = Release|Any CPU
		{0F4BE7C6-E8A3-4E10-9BA6-A18A2CE3F6DC}.Release|iPhone.Build.0 = Release|Any CPU
		{0F4BE7C6-E8A3-4E10-9BA6-A18A2CE3F6DC}.Release|iPhone.Deploy.0 = Release|Any CPU
		{0F4BE7C6-E8A3-4E10-9BA6-A18A2CE3F6DC}.Release|iPhoneSimulator.ActiveCfg = Release|Any CPU
		{0F4BE7C6-E8A3-4E10-9BA6-A18A2CE3F6DC}.Release|iPhoneSimulator.Build.0 = Release|Any CPU
		{0F4BE7C6-E8A3-4E10-9BA6-A18A2CE3F6DC}.Release|iPhoneSimulator.Deploy.0 = Release|Any CPU
		{830DC1DA-F789-4A58-A591-E270D89B0F71}.Debug|Any CPU.ActiveCfg = Debug|iPhone
		{830DC1DA-F789-4A58-A591-E270D89B0F71}.Debug|Any CPU.Build.0 = Debug|iPhone
		{830DC1DA-F789-4A58-A591-E270D89B0F71}.Debug|Any CPU.Deploy.0 = Debug|iPhone
		{830DC1DA-F789-4A58-A591-E270D89B0F71}.Debug|iPhone.ActiveCfg = Debug|iPhone
		{830DC1DA-F789-4A58-A591-E270D89B0F71}.Debug|iPhone.Build.0 = Debug|iPhone
		{830DC1DA-F789-4A58-A591-E270D89B0F71}.Debug|iPhone.Deploy.0 = Debug|iPhone
		{830DC1DA-F789-4A58-A591-E270D89B0F71}.Debug|iPhoneSimulator.ActiveCfg = Debug|iPhoneSimulator
		{830DC1DA-F789-4A58-A591-E270D89B0F71}.Debug|iPhoneSimulator.Build.0 = Debug|iPhoneSimulator
		{830DC1DA-F789-4A58-A591-E270D89B0F71}.Debug|iPhoneSimulator.Deploy.0 = Debug|iPhoneSimulator
		{830DC1DA-F789-4A58-A591-E270D89B0F71}.Release|Any CPU.ActiveCfg = Release|iPhoneSimulator
		{830DC1DA-F789-4A58-A591-E270D89B0F71}.Release|Any CPU.Build.0 = Release|iPhoneSimulator
		{830DC1DA-F789-4A58-A591-E270D89B0F71}.Release|Any CPU.Deploy.0 = Release|iPhoneSimulator
		{830DC1DA-F789-4A58-A591-E270D89B0F71}.Release|iPhone.ActiveCfg = Release|iPhone
		{830DC1DA-F789-4A58-A591-E270D89B0F71}.Release|iPhone.Build.0 = Release|iPhone
		{830DC1DA-F789-4A58-A591-E270D89B0F71}.Release|iPhone.Deploy.0 = Release|iPhone
		{830DC1DA-F789-4A58-A591-E270D89B0F71}.Release|iPhoneSimulator.ActiveCfg = Release|iPhoneSimulator
		{830DC1DA-F789-4A58-A591-E270D89B0F71}.Release|iPhoneSimulator.Build.0 = Release|iPhoneSimulator
		{830DC1DA-F789-4A58-A591-E270D89B0F71}.Release|iPhoneSimulator.Deploy.0 = Release|iPhoneSimulator
		{43E6BB37-B38C-4B1A-AF3B-06A0288846BF}.Debug|Any CPU.ActiveCfg = Debug|Any CPU
		{43E6BB37-B38C-4B1A-AF3B-06A0288846BF}.Debug|Any CPU.Build.0 = Debug|Any CPU
		{43E6BB37-B38C-4B1A-AF3B-06A0288846BF}.Debug|Any CPU.Deploy.0 = Debug|Any CPU
		{43E6BB37-B38C-4B1A-AF3B-06A0288846BF}.Debug|iPhone.ActiveCfg = Debug|Any CPU
		{43E6BB37-B38C-4B1A-AF3B-06A0288846BF}.Debug|iPhone.Build.0 = Debug|Any CPU
		{43E6BB37-B38C-4B1A-AF3B-06A0288846BF}.Debug|iPhone.Deploy.0 = Debug|Any CPU
		{43E6BB37-B38C-4B1A-AF3B-06A0288846BF}.Debug|iPhoneSimulator.ActiveCfg = Debug|Any CPU
		{43E6BB37-B38C-4B1A-AF3B-06A0288846BF}.Debug|iPhoneSimulator.Build.0 = Debug|Any CPU
		{43E6BB37-B38C-4B1A-AF3B-06A0288846BF}.Debug|iPhoneSimulator.Deploy.0 = Debug|Any CPU
		{43E6BB37-B38C-4B1A-AF3B-06A0288846BF}.Release|Any CPU.ActiveCfg = Release|Any CPU
		{43E6BB37-B38C-4B1A-AF3B-06A0288846BF}.Release|Any CPU.Build.0 = Release|Any CPU
		{43E6BB37-B38C-4B1A-AF3B-06A0288846BF}.Release|Any CPU.Deploy.0 = Release|Any CPU
		{43E6BB37-B38C-4B1A-AF3B-06A0288846BF}.Release|iPhone.ActiveCfg = Release|Any CPU
		{43E6BB37-B38C-4B1A-AF3B-06A0288846BF}.Release|iPhone.Build.0 = Release|Any CPU
		{43E6BB37-B38C-4B1A-AF3B-06A0288846BF}.Release|iPhone.Deploy.0 = Release|Any CPU
		{43E6BB37-B38C-4B1A-AF3B-06A0288846BF}.Release|iPhoneSimulator.ActiveCfg = Release|Any CPU
		{43E6BB37-B38C-4B1A-AF3B-06A0288846BF}.Release|iPhoneSimulator.Build.0 = Release|Any CPU
		{43E6BB37-B38C-4B1A-AF3B-06A0288846BF}.Release|iPhoneSimulator.Deploy.0 = Release|Any CPU
	EndGlobalSection
	GlobalSection(SolutionProperties) = preSolution
		HideSolutionNode = FALSE
	EndGlobalSection
	GlobalSection(ExtensibilityGlobals) = postSolution
		SolutionGuid = {936C4B79-EDC3-49B6-AF6F-F0050EE91EE1}
	EndGlobalSection
EndGlobal
